// !$*UTF8*$!
{
	archiveVersion = 1;
	classes = {
	};
	objectVersion = 46;
	objects = {

/* Begin PBXBuildFile section */
		491B937124EDE31D0078A2B9 /* lfs_util.c in Sources */ = {isa = PBXBuildFile; fileRef = 491B936224ECADFB0078A2B9 /* lfs_util.c */; };
		491B937224EDE31D0078A2B9 /* lfs.c in Sources */ = {isa = PBXBuildFile; fileRef = 491B936124ECADFB0078A2B9 /* lfs.c */; };
		491B937324EDE31D0078A2B9 /* MLittleFS.cpp in Sources */ = {isa = PBXBuildFile; fileRef = 491B936324ECADFB0078A2B9 /* MLittleFS.cpp */; };
		491B937424EDE3340078A2B9 /* Application.cpp in Sources */ = {isa = PBXBuildFile; fileRef = 491B92F624ECADA60078A2B9 /* Application.cpp */; };
		491B937524EDE3340078A2B9 /* Atom.cpp in Sources */ = {isa = PBXBuildFile; fileRef = 491B92FA24ECADA60078A2B9 /* Atom.cpp */; };
		491B937624EDE3340078A2B9 /* Base64.cpp in Sources */ = {isa = PBXBuildFile; fileRef = 491B92EF24ECADA50078A2B9 /* Base64.cpp */; };
		491B937724EDE3340078A2B9 /* Containers.cpp in Sources */ = {isa = PBXBuildFile; fileRef = 491B930924ECADA70078A2B9 /* Containers.cpp */; };
		491B937824EDE3340078A2B9 /* Error.cpp in Sources */ = {isa = PBXBuildFile; fileRef = 491B931D24ECADA90078A2B9 /* Error.cpp */; };
		491B937924EDE3340078A2B9 /* Executable.cpp in Sources */ = {isa = PBXBuildFile; fileRef = 491B92FC24ECADA60078A2B9 /* Executable.cpp */; };
		491B937B24EDE3340078A2B9 /* HTTPServer.cpp in Sources */ = {isa = PBXBuildFile; fileRef = 491B930524ECADA70078A2B9 /* HTTPServer.cpp */; };
		491B937C24EDE3340078A2B9 /* IPAddr.cpp in Sources */ = {isa = PBXBuildFile; fileRef = 491B92E724ECADA50078A2B9 /* IPAddr.cpp */; };
		491B937E24EDE3340078A2B9 /* Mallocator.cpp in Sources */ = {isa = PBXBuildFile; fileRef = 491B92EB24ECADA50078A2B9 /* Mallocator.cpp */; };
		491B937F24EDE3340078A2B9 /* MFS.cpp in Sources */ = {isa = PBXBuildFile; fileRef = 491B92EC24ECADA50078A2B9 /* MFS.cpp */; };
		491B938024EDE3340078A2B9 /* MString.cpp in Sources */ = {isa = PBXBuildFile; fileRef = 491B92FD24ECADA60078A2B9 /* MString.cpp */; };
		491B938124EDE3340078A2B9 /* MUDP.cpp in Sources */ = {isa = PBXBuildFile; fileRef = 491B92F224ECADA50078A2B9 /* MUDP.cpp */; };
		491B938224EDE3340078A2B9 /* Scanner.cpp in Sources */ = {isa = PBXBuildFile; fileRef = 491B931824ECADA90078A2B9 /* Scanner.cpp */; };
		491B938424EDE3340078A2B9 /* SystemInterface.cpp in Sources */ = {isa = PBXBuildFile; fileRef = 491B930324ECADA70078A2B9 /* SystemInterface.cpp */; };
		491B938524EDE3340078A2B9 /* SystemTime.cpp in Sources */ = {isa = PBXBuildFile; fileRef = 491B930424ECADA70078A2B9 /* SystemTime.cpp */; };
		491B938624EDE3340078A2B9 /* Task.cpp in Sources */ = {isa = PBXBuildFile; fileRef = 491B92EA24ECADA50078A2B9 /* Task.cpp */; };
		491B938724EDE3340078A2B9 /* TaskManager.cpp in Sources */ = {isa = PBXBuildFile; fileRef = 491B931724ECADA90078A2B9 /* TaskManager.cpp */; };
		491B938824EDE3340078A2B9 /* TCP.cpp in Sources */ = {isa = PBXBuildFile; fileRef = 491B931024ECADA80078A2B9 /* TCP.cpp */; };
		491B938924EDE3340078A2B9 /* TCPServer.cpp in Sources */ = {isa = PBXBuildFile; fileRef = 491B931524ECADA80078A2B9 /* TCPServer.cpp */; };
		491B938A24EDE3340078A2B9 /* Telnet.cpp in Sources */ = {isa = PBXBuildFile; fileRef = 491B930E24ECADA80078A2B9 /* Telnet.cpp */; };
		491B938B24EDE3340078A2B9 /* Terminal.cpp in Sources */ = {isa = PBXBuildFile; fileRef = 491B931E24ECADA90078A2B9 /* Terminal.cpp */; };
		491B938C24EDE3340078A2B9 /* Timer.cpp in Sources */ = {isa = PBXBuildFile; fileRef = 491B92EE24ECADA50078A2B9 /* Timer.cpp */; };
		491B938D24EDE7FF0078A2B9 /* MacSystemInterface.cpp in Sources */ = {isa = PBXBuildFile; fileRef = 49846003238C60ED001F4FD4 /* MacSystemInterface.cpp */; };
		491B938E24EDE80A0078A2B9 /* MacLittleFS.cpp in Sources */ = {isa = PBXBuildFile; fileRef = 49BF344723680892001E5508 /* MacLittleFS.cpp */; };
		491B938F24EDE80E0078A2B9 /* MacTCP.cpp in Sources */ = {isa = PBXBuildFile; fileRef = 49E1907D1DBAE2570030DC89 /* MacTCP.cpp */; };
		491B939024EDE8130078A2B9 /* MacUDP.cpp in Sources */ = {isa = PBXBuildFile; fileRef = 49E1907A1DBAE2570030DC89 /* MacUDP.cpp */; };
		491B939324EDE8690078A2B9 /* Shell.h in Headers */ = {isa = PBXBuildFile; fileRef = 491B939124EDE8690078A2B9 /* Shell.h */; settings = {ATTRIBUTES = (Public, ); }; };
		491B939424EDE8690078A2B9 /* Shell.cpp in Sources */ = {isa = PBXBuildFile; fileRef = 491B939224EDE8690078A2B9 /* Shell.cpp */; };
		49846006238C60ED001F4FD4 /* MacSystemInterface.h in Headers */ = {isa = PBXBuildFile; fileRef = 49846004238C60ED001F4FD4 /* MacSystemInterface.h */; settings = {ATTRIBUTES = (Public, ); }; };
		49E6883424F9C9B500EECD46 /* Application.h in Headers */ = {isa = PBXBuildFile; fileRef = 491B931624ECADA90078A2B9 /* Application.h */; settings = {ATTRIBUTES = (Public, ); }; };
		49E6883524F9C9CA00EECD46 /* Atom.h in Headers */ = {isa = PBXBuildFile; fileRef = 491B931324ECADA80078A2B9 /* Atom.h */; settings = {ATTRIBUTES = (Public, ); }; };
		49E6883624F9C9CA00EECD46 /* Base64.h in Headers */ = {isa = PBXBuildFile; fileRef = 491B930024ECADA60078A2B9 /* Base64.h */; settings = {ATTRIBUTES = (Public, ); }; };
		49E6883724F9C9CA00EECD46 /* CallReturnValue.h in Headers */ = {isa = PBXBuildFile; fileRef = 491B930224ECADA70078A2B9 /* CallReturnValue.h */; settings = {ATTRIBUTES = (Public, ); }; };
		49E6883824F9C9CA00EECD46 /* Containers.h in Headers */ = {isa = PBXBuildFile; fileRef = 491B92F824ECADA60078A2B9 /* Containers.h */; settings = {ATTRIBUTES = (Public, ); }; };
		49E6883924F9C9CA00EECD46 /* Defines.h in Headers */ = {isa = PBXBuildFile; fileRef = 491B930824ECADA70078A2B9 /* Defines.h */; settings = {ATTRIBUTES = (Public, ); }; };
		49E6883A24F9C9CA00EECD46 /* Error.h in Headers */ = {isa = PBXBuildFile; fileRef = 491B930124ECADA70078A2B9 /* Error.h */; settings = {ATTRIBUTES = (Public, ); }; };
		49E6883B24F9C9CA00EECD46 /* Executable.h in Headers */ = {isa = PBXBuildFile; fileRef = 491B92F724ECADA60078A2B9 /* Executable.h */; settings = {ATTRIBUTES = (Public, ); }; };
		49E6883C24F9C9CA00EECD46 /* FileStream.h in Headers */ = {isa = PBXBuildFile; fileRef = 491B931F24ECADA90078A2B9 /* FileStream.h */; settings = {ATTRIBUTES = (Public, ); }; };
		49E6883D24F9C9CA00EECD46 /* GPIOInterface.h in Headers */ = {isa = PBXBuildFile; fileRef = 491B92F324ECADA50078A2B9 /* GPIOInterface.h */; settings = {ATTRIBUTES = (Public, ); }; };
		49E6883E24F9C9CA00EECD46 /* HTTPServer.h in Headers */ = {isa = PBXBuildFile; fileRef = 491B930724ECADA70078A2B9 /* HTTPServer.h */; settings = {ATTRIBUTES = (Public, ); }; };
		49E6883F24F9C9CA00EECD46 /* IPAddr.h in Headers */ = {isa = PBXBuildFile; fileRef = 491B92E524ECADA40078A2B9 /* IPAddr.h */; settings = {ATTRIBUTES = (Public, ); }; };
		49E6884024F9C9CA00EECD46 /* Mallocator.h in Headers */ = {isa = PBXBuildFile; fileRef = 491B92F124ECADA50078A2B9 /* Mallocator.h */; settings = {ATTRIBUTES = (Public, ); }; };
		49E6884124F9C9CA00EECD46 /* MFS.h in Headers */ = {isa = PBXBuildFile; fileRef = 491B931924ECADA90078A2B9 /* MFS.h */; settings = {ATTRIBUTES = (Public, ); }; };
		49E6884224F9C9CA00EECD46 /* MStream.h in Headers */ = {isa = PBXBuildFile; fileRef = 491B92ED24ECADA50078A2B9 /* MStream.h */; settings = {ATTRIBUTES = (Public, ); }; };
		49E6884324F9C9CA00EECD46 /* MString.h in Headers */ = {isa = PBXBuildFile; fileRef = 491B92F524ECADA60078A2B9 /* MString.h */; settings = {ATTRIBUTES = (Public, ); }; };
		49E6884424F9C9CA00EECD46 /* MUDP.h in Headers */ = {isa = PBXBuildFile; fileRef = 491B92E924ECADA50078A2B9 /* MUDP.h */; settings = {ATTRIBUTES = (Public, ); }; };
		49E6884524F9C9CA00EECD46 /* Scanner.h in Headers */ = {isa = PBXBuildFile; fileRef = 491B930624ECADA70078A2B9 /* Scanner.h */; settings = {ATTRIBUTES = (Public, ); }; };
		49E6884624F9C9CA00EECD46 /* ScriptingLanguage.h in Headers */ = {isa = PBXBuildFile; fileRef = 492C7DA124EDF9FA0027B75E /* ScriptingLanguage.h */; settings = {ATTRIBUTES = (Public, ); }; };
		49E6884724F9C9CA00EECD46 /* SharedPtr.h in Headers */ = {isa = PBXBuildFile; fileRef = 491B92E824ECADA50078A2B9 /* SharedPtr.h */; settings = {ATTRIBUTES = (Public, ); }; };
		49E6884824F9C9DC00EECD46 /* StateMachine.h in Headers */ = {isa = PBXBuildFile; fileRef = 491B92FF24ECADA60078A2B9 /* StateMachine.h */; settings = {ATTRIBUTES = (Public, ); }; };
		49E6884924F9C9DC00EECD46 /* StringStream.h in Headers */ = {isa = PBXBuildFile; fileRef = 491B930F24ECADA80078A2B9 /* StringStream.h */; settings = {ATTRIBUTES = (Public, ); }; };
		49E6884A24F9C9DC00EECD46 /* SystemInterface.h in Headers */ = {isa = PBXBuildFile; fileRef = 491B931124ECADA80078A2B9 /* SystemInterface.h */; settings = {ATTRIBUTES = (Public, ); }; };
		49E6884B24F9C9DC00EECD46 /* SystemTime.h in Headers */ = {isa = PBXBuildFile; fileRef = 491B92E624ECADA40078A2B9 /* SystemTime.h */; settings = {ATTRIBUTES = (Public, ); }; };
		49E6884C24F9C9DC00EECD46 /* Task.h in Headers */ = {isa = PBXBuildFile; fileRef = 491B92FB24ECADA60078A2B9 /* Task.h */; settings = {ATTRIBUTES = (Public, ); }; };
		49E6884D24F9C9DC00EECD46 /* TaskManager.h in Headers */ = {isa = PBXBuildFile; fileRef = 491B930C24ECADA80078A2B9 /* TaskManager.h */; settings = {ATTRIBUTES = (Public, ); }; };
		49E6884E24F9C9DC00EECD46 /* TCP.h in Headers */ = {isa = PBXBuildFile; fileRef = 491B931B24ECADA90078A2B9 /* TCP.h */; settings = {ATTRIBUTES = (Public, ); }; };
		49E6884F24F9C9DC00EECD46 /* TCPServer.h in Headers */ = {isa = PBXBuildFile; fileRef = 491B92F024ECADA50078A2B9 /* TCPServer.h */; settings = {ATTRIBUTES = (Public, ); }; };
		49E6885024F9C9DC00EECD46 /* Telnet.h in Headers */ = {isa = PBXBuildFile; fileRef = 491B930B24ECADA70078A2B9 /* Telnet.h */; settings = {ATTRIBUTES = (Public, ); }; };
		49E6885124F9C9DC00EECD46 /* Terminal.h in Headers */ = {isa = PBXBuildFile; fileRef = 491B92FE24ECADA60078A2B9 /* Terminal.h */; settings = {ATTRIBUTES = (Public, ); }; };
		49E6885224F9C9DC00EECD46 /* Thread.h in Headers */ = {isa = PBXBuildFile; fileRef = 491B931A24ECADA90078A2B9 /* Thread.h */; settings = {ATTRIBUTES = (Public, ); }; };
		49E6885324F9C9DC00EECD46 /* Timer.h in Headers */ = {isa = PBXBuildFile; fileRef = 491B931424ECADA80078A2B9 /* Timer.h */; settings = {ATTRIBUTES = (Public, ); }; };
		49E6885424F9C9DC00EECD46 /* VectorStream.h in Headers */ = {isa = PBXBuildFile; fileRef = 491B931C24ECADA90078A2B9 /* VectorStream.h */; settings = {ATTRIBUTES = (Public, ); }; };
		49FAB98724FA991700E71C93 /* main.cpp in Sources */ = {isa = PBXBuildFile; fileRef = 49FAB98624FA991700E71C93 /* main.cpp */; };
		49FAB98E24FA9C9300E71C93 /* liblibm8r.a in Frameworks */ = {isa = PBXBuildFile; fileRef = 494D254E1D2E9055003755DB /* liblibm8r.a */; };
/* End PBXBuildFile section */

/* Begin PBXContainerItemProxy section */
		49FAB98B24FA9C8C00E71C93 /* PBXContainerItemProxy */ = {
			isa = PBXContainerItemProxy;
			containerPortal = 49E647E01D00B68F005F5059 /* Project object */;
			proxyType = 1;
			remoteGlobalIDString = 494D254D1D2E9055003755DB;
			remoteInfo = libm8r;
		};
/* End PBXContainerItemProxy section */

/* Begin PBXCopyFilesBuildPhase section */
		49FAB98224FA991700E71C93 /* CopyFiles */ = {
			isa = PBXCopyFilesBuildPhase;
			buildActionMask = 2147483647;
			dstPath = /usr/share/man/man1/;
			dstSubfolderSpec = 0;
			files = (
			);
			runOnlyForDeploymentPostprocessing = 1;
		};
/* End PBXCopyFilesBuildPhase section */

/* Begin PBXFileReference section */
		491B92E524ECADA40078A2B9 /* IPAddr.h */ = {isa = PBXFileReference; fileEncoding = 4; lastKnownFileType = sourcecode.c.h; name = IPAddr.h; path = ../src/IPAddr.h; sourceTree = "<group>"; };
		491B92E624ECADA40078A2B9 /* SystemTime.h */ = {isa = PBXFileReference; fileEncoding = 4; lastKnownFileType = sourcecode.c.h; name = SystemTime.h; path = ../src/SystemTime.h; sourceTree = "<group>"; };
		491B92E724ECADA50078A2B9 /* IPAddr.cpp */ = {isa = PBXFileReference; fileEncoding = 4; lastKnownFileType = sourcecode.cpp.cpp; name = IPAddr.cpp; path = ../src/IPAddr.cpp; sourceTree = "<group>"; };
		491B92E824ECADA50078A2B9 /* SharedPtr.h */ = {isa = PBXFileReference; fileEncoding = 4; lastKnownFileType = sourcecode.c.h; name = SharedPtr.h; path = ../src/SharedPtr.h; sourceTree = "<group>"; };
		491B92E924ECADA50078A2B9 /* MUDP.h */ = {isa = PBXFileReference; fileEncoding = 4; lastKnownFileType = sourcecode.c.h; name = MUDP.h; path = ../src/MUDP.h; sourceTree = "<group>"; };
		491B92EA24ECADA50078A2B9 /* Task.cpp */ = {isa = PBXFileReference; fileEncoding = 4; lastKnownFileType = sourcecode.cpp.cpp; name = Task.cpp; path = ../src/Task.cpp; sourceTree = "<group>"; };
		491B92EB24ECADA50078A2B9 /* Mallocator.cpp */ = {isa = PBXFileReference; fileEncoding = 4; lastKnownFileType = sourcecode.cpp.cpp; name = Mallocator.cpp; path = ../src/Mallocator.cpp; sourceTree = "<group>"; };
		491B92EC24ECADA50078A2B9 /* MFS.cpp */ = {isa = PBXFileReference; fileEncoding = 4; lastKnownFileType = sourcecode.cpp.cpp; name = MFS.cpp; path = ../src/MFS.cpp; sourceTree = "<group>"; };
		491B92ED24ECADA50078A2B9 /* MStream.h */ = {isa = PBXFileReference; fileEncoding = 4; lastKnownFileType = sourcecode.c.h; name = MStream.h; path = ../src/MStream.h; sourceTree = "<group>"; };
		491B92EE24ECADA50078A2B9 /* Timer.cpp */ = {isa = PBXFileReference; fileEncoding = 4; lastKnownFileType = sourcecode.cpp.cpp; name = Timer.cpp; path = ../src/Timer.cpp; sourceTree = "<group>"; };
		491B92EF24ECADA50078A2B9 /* Base64.cpp */ = {isa = PBXFileReference; fileEncoding = 4; lastKnownFileType = sourcecode.cpp.cpp; name = Base64.cpp; path = ../src/Base64.cpp; sourceTree = "<group>"; };
		491B92F024ECADA50078A2B9 /* TCPServer.h */ = {isa = PBXFileReference; fileEncoding = 4; lastKnownFileType = sourcecode.c.h; name = TCPServer.h; path = ../src/TCPServer.h; sourceTree = "<group>"; };
		491B92F124ECADA50078A2B9 /* Mallocator.h */ = {isa = PBXFileReference; fileEncoding = 4; lastKnownFileType = sourcecode.c.h; name = Mallocator.h; path = ../src/Mallocator.h; sourceTree = "<group>"; };
		491B92F224ECADA50078A2B9 /* MUDP.cpp */ = {isa = PBXFileReference; fileEncoding = 4; lastKnownFileType = sourcecode.cpp.cpp; name = MUDP.cpp; path = ../src/MUDP.cpp; sourceTree = "<group>"; };
		491B92F324ECADA50078A2B9 /* GPIOInterface.h */ = {isa = PBXFileReference; fileEncoding = 4; lastKnownFileType = sourcecode.c.h; name = GPIOInterface.h; path = ../src/GPIOInterface.h; sourceTree = "<group>"; };
		491B92F524ECADA60078A2B9 /* MString.h */ = {isa = PBXFileReference; fileEncoding = 4; lastKnownFileType = sourcecode.c.h; name = MString.h; path = ../src/MString.h; sourceTree = "<group>"; };
		491B92F624ECADA60078A2B9 /* Application.cpp */ = {isa = PBXFileReference; fileEncoding = 4; lastKnownFileType = sourcecode.cpp.cpp; name = Application.cpp; path = ../src/Application.cpp; sourceTree = "<group>"; };
		491B92F724ECADA60078A2B9 /* Executable.h */ = {isa = PBXFileReference; fileEncoding = 4; lastKnownFileType = sourcecode.c.h; name = Executable.h; path = ../src/Executable.h; sourceTree = "<group>"; };
		491B92F824ECADA60078A2B9 /* Containers.h */ = {isa = PBXFileReference; fileEncoding = 4; lastKnownFileType = sourcecode.c.h; name = Containers.h; path = ../src/Containers.h; sourceTree = "<group>"; };
		491B92FA24ECADA60078A2B9 /* Atom.cpp */ = {isa = PBXFileReference; fileEncoding = 4; lastKnownFileType = sourcecode.cpp.cpp; name = Atom.cpp; path = ../src/Atom.cpp; sourceTree = "<group>"; };
		491B92FB24ECADA60078A2B9 /* Task.h */ = {isa = PBXFileReference; fileEncoding = 4; lastKnownFileType = sourcecode.c.h; name = Task.h; path = ../src/Task.h; sourceTree = "<group>"; };
		491B92FC24ECADA60078A2B9 /* Executable.cpp */ = {isa = PBXFileReference; fileEncoding = 4; lastKnownFileType = sourcecode.cpp.cpp; name = Executable.cpp; path = ../src/Executable.cpp; sourceTree = "<group>"; };
		491B92FD24ECADA60078A2B9 /* MString.cpp */ = {isa = PBXFileReference; fileEncoding = 4; lastKnownFileType = sourcecode.cpp.cpp; name = MString.cpp; path = ../src/MString.cpp; sourceTree = "<group>"; };
		491B92FE24ECADA60078A2B9 /* Terminal.h */ = {isa = PBXFileReference; fileEncoding = 4; lastKnownFileType = sourcecode.c.h; name = Terminal.h; path = ../src/Terminal.h; sourceTree = "<group>"; };
		491B92FF24ECADA60078A2B9 /* StateMachine.h */ = {isa = PBXFileReference; fileEncoding = 4; lastKnownFileType = sourcecode.c.h; name = StateMachine.h; path = ../src/StateMachine.h; sourceTree = "<group>"; };
		491B930024ECADA60078A2B9 /* Base64.h */ = {isa = PBXFileReference; fileEncoding = 4; lastKnownFileType = sourcecode.c.h; name = Base64.h; path = ../src/Base64.h; sourceTree = "<group>"; };
		491B930124ECADA70078A2B9 /* Error.h */ = {isa = PBXFileReference; fileEncoding = 4; lastKnownFileType = sourcecode.c.h; name = Error.h; path = ../src/Error.h; sourceTree = "<group>"; };
		491B930224ECADA70078A2B9 /* CallReturnValue.h */ = {isa = PBXFileReference; fileEncoding = 4; lastKnownFileType = sourcecode.c.h; name = CallReturnValue.h; path = ../src/CallReturnValue.h; sourceTree = "<group>"; };
		491B930324ECADA70078A2B9 /* SystemInterface.cpp */ = {isa = PBXFileReference; fileEncoding = 4; lastKnownFileType = sourcecode.cpp.cpp; name = SystemInterface.cpp; path = ../src/SystemInterface.cpp; sourceTree = "<group>"; };
		491B930424ECADA70078A2B9 /* SystemTime.cpp */ = {isa = PBXFileReference; fileEncoding = 4; lastKnownFileType = sourcecode.cpp.cpp; name = SystemTime.cpp; path = ../src/SystemTime.cpp; sourceTree = "<group>"; };
		491B930524ECADA70078A2B9 /* HTTPServer.cpp */ = {isa = PBXFileReference; fileEncoding = 4; lastKnownFileType = sourcecode.cpp.cpp; name = HTTPServer.cpp; path = ../src/HTTPServer.cpp; sourceTree = "<group>"; };
		491B930624ECADA70078A2B9 /* Scanner.h */ = {isa = PBXFileReference; fileEncoding = 4; lastKnownFileType = sourcecode.c.h; name = Scanner.h; path = ../src/Scanner.h; sourceTree = "<group>"; };
		491B930724ECADA70078A2B9 /* HTTPServer.h */ = {isa = PBXFileReference; fileEncoding = 4; lastKnownFileType = sourcecode.c.h; name = HTTPServer.h; path = ../src/HTTPServer.h; sourceTree = "<group>"; };
		491B930824ECADA70078A2B9 /* Defines.h */ = {isa = PBXFileReference; fileEncoding = 4; lastKnownFileType = sourcecode.c.h; name = Defines.h; path = ../src/Defines.h; sourceTree = "<group>"; };
		491B930924ECADA70078A2B9 /* Containers.cpp */ = {isa = PBXFileReference; fileEncoding = 4; lastKnownFileType = sourcecode.cpp.cpp; name = Containers.cpp; path = ../src/Containers.cpp; sourceTree = "<group>"; };
		491B930B24ECADA70078A2B9 /* Telnet.h */ = {isa = PBXFileReference; fileEncoding = 4; lastKnownFileType = sourcecode.c.h; name = Telnet.h; path = ../src/Telnet.h; sourceTree = "<group>"; };
		491B930C24ECADA80078A2B9 /* TaskManager.h */ = {isa = PBXFileReference; fileEncoding = 4; lastKnownFileType = sourcecode.c.h; name = TaskManager.h; path = ../src/TaskManager.h; sourceTree = "<group>"; };
		491B930E24ECADA80078A2B9 /* Telnet.cpp */ = {isa = PBXFileReference; fileEncoding = 4; lastKnownFileType = sourcecode.cpp.cpp; name = Telnet.cpp; path = ../src/Telnet.cpp; sourceTree = "<group>"; };
		491B930F24ECADA80078A2B9 /* StringStream.h */ = {isa = PBXFileReference; fileEncoding = 4; lastKnownFileType = sourcecode.c.h; name = StringStream.h; path = ../src/StringStream.h; sourceTree = "<group>"; };
		491B931024ECADA80078A2B9 /* TCP.cpp */ = {isa = PBXFileReference; fileEncoding = 4; lastKnownFileType = sourcecode.cpp.cpp; name = TCP.cpp; path = ../src/TCP.cpp; sourceTree = "<group>"; };
		491B931124ECADA80078A2B9 /* SystemInterface.h */ = {isa = PBXFileReference; fileEncoding = 4; lastKnownFileType = sourcecode.c.h; name = SystemInterface.h; path = ../src/SystemInterface.h; sourceTree = "<group>"; };
		491B931324ECADA80078A2B9 /* Atom.h */ = {isa = PBXFileReference; fileEncoding = 4; lastKnownFileType = sourcecode.c.h; name = Atom.h; path = ../src/Atom.h; sourceTree = "<group>"; };
		491B931424ECADA80078A2B9 /* Timer.h */ = {isa = PBXFileReference; fileEncoding = 4; lastKnownFileType = sourcecode.c.h; name = Timer.h; path = ../src/Timer.h; sourceTree = "<group>"; };
		491B931524ECADA80078A2B9 /* TCPServer.cpp */ = {isa = PBXFileReference; fileEncoding = 4; lastKnownFileType = sourcecode.cpp.cpp; name = TCPServer.cpp; path = ../src/TCPServer.cpp; sourceTree = "<group>"; };
		491B931624ECADA90078A2B9 /* Application.h */ = {isa = PBXFileReference; fileEncoding = 4; lastKnownFileType = sourcecode.c.h; name = Application.h; path = ../src/Application.h; sourceTree = "<group>"; };
		491B931724ECADA90078A2B9 /* TaskManager.cpp */ = {isa = PBXFileReference; fileEncoding = 4; lastKnownFileType = sourcecode.cpp.cpp; name = TaskManager.cpp; path = ../src/TaskManager.cpp; sourceTree = "<group>"; };
		491B931824ECADA90078A2B9 /* Scanner.cpp */ = {isa = PBXFileReference; fileEncoding = 4; lastKnownFileType = sourcecode.cpp.cpp; name = Scanner.cpp; path = ../src/Scanner.cpp; sourceTree = "<group>"; };
		491B931924ECADA90078A2B9 /* MFS.h */ = {isa = PBXFileReference; fileEncoding = 4; lastKnownFileType = sourcecode.c.h; name = MFS.h; path = ../src/MFS.h; sourceTree = "<group>"; };
		491B931A24ECADA90078A2B9 /* Thread.h */ = {isa = PBXFileReference; fileEncoding = 4; lastKnownFileType = sourcecode.c.h; name = Thread.h; path = ../src/Thread.h; sourceTree = "<group>"; };
		491B931B24ECADA90078A2B9 /* TCP.h */ = {isa = PBXFileReference; fileEncoding = 4; lastKnownFileType = sourcecode.c.h; name = TCP.h; path = ../src/TCP.h; sourceTree = "<group>"; };
		491B931C24ECADA90078A2B9 /* VectorStream.h */ = {isa = PBXFileReference; fileEncoding = 4; lastKnownFileType = sourcecode.c.h; name = VectorStream.h; path = ../src/VectorStream.h; sourceTree = "<group>"; };
		491B931D24ECADA90078A2B9 /* Error.cpp */ = {isa = PBXFileReference; fileEncoding = 4; lastKnownFileType = sourcecode.cpp.cpp; name = Error.cpp; path = ../src/Error.cpp; sourceTree = "<group>"; };
		491B931E24ECADA90078A2B9 /* Terminal.cpp */ = {isa = PBXFileReference; fileEncoding = 4; lastKnownFileType = sourcecode.cpp.cpp; name = Terminal.cpp; path = ../src/Terminal.cpp; sourceTree = "<group>"; };
		491B931F24ECADA90078A2B9 /* FileStream.h */ = {isa = PBXFileReference; fileEncoding = 4; lastKnownFileType = sourcecode.c.h; name = FileStream.h; path = ../src/FileStream.h; sourceTree = "<group>"; };
		491B935F24ECADFA0078A2B9 /* lfs_util.h */ = {isa = PBXFileReference; fileEncoding = 4; lastKnownFileType = sourcecode.c.h; name = lfs_util.h; path = ../src/littlefs/lfs_util.h; sourceTree = "<group>"; };
		491B936024ECADFA0078A2B9 /* lfs.h */ = {isa = PBXFileReference; fileEncoding = 4; lastKnownFileType = sourcecode.c.h; name = lfs.h; path = ../src/littlefs/lfs.h; sourceTree = "<group>"; };
		491B936124ECADFB0078A2B9 /* lfs.c */ = {isa = PBXFileReference; fileEncoding = 4; lastKnownFileType = sourcecode.c.c; name = lfs.c; path = ../src/littlefs/lfs.c; sourceTree = "<group>"; };
		491B936224ECADFB0078A2B9 /* lfs_util.c */ = {isa = PBXFileReference; fileEncoding = 4; lastKnownFileType = sourcecode.c.c; name = lfs_util.c; path = ../src/littlefs/lfs_util.c; sourceTree = "<group>"; };
		491B936324ECADFB0078A2B9 /* MLittleFS.cpp */ = {isa = PBXFileReference; fileEncoding = 4; lastKnownFileType = sourcecode.cpp.cpp; name = MLittleFS.cpp; path = ../src/littlefs/MLittleFS.cpp; sourceTree = "<group>"; };
		491B936424ECADFB0078A2B9 /* MLittleFS.h */ = {isa = PBXFileReference; fileEncoding = 4; lastKnownFileType = sourcecode.c.h; name = MLittleFS.h; path = ../src/littlefs/MLittleFS.h; sourceTree = "<group>"; };
		491B939124EDE8690078A2B9 /* Shell.h */ = {isa = PBXFileReference; fileEncoding = 4; lastKnownFileType = sourcecode.c.h; name = Shell.h; path = ../src/Shell.h; sourceTree = "<group>"; };
		491B939224EDE8690078A2B9 /* Shell.cpp */ = {isa = PBXFileReference; fileEncoding = 4; lastKnownFileType = sourcecode.cpp.cpp; name = Shell.cpp; path = ../src/Shell.cpp; sourceTree = "<group>"; };
		492C7DA124EDF9FA0027B75E /* ScriptingLanguage.h */ = {isa = PBXFileReference; lastKnownFileType = sourcecode.c.h; name = ScriptingLanguage.h; path = ../src/ScriptingLanguage.h; sourceTree = "<group>"; };
		493E015E24E9DCBD00EF89B3 /* cpptime.h */ = {isa = PBXFileReference; lastKnownFileType = sourcecode.c.h; path = cpptime.h; sourceTree = "<group>"; };
		494D254E1D2E9055003755DB /* liblibm8r.a */ = {isa = PBXFileReference; explicitFileType = archive.ar; includeInIndex = 0; path = liblibm8r.a; sourceTree = BUILT_PRODUCTS_DIR; };
		49736EDC250081A000B0A09E /* favicon.ico */ = {isa = PBXFileReference; lastKnownFileType = image.ico; name = favicon.ico; path = ../web/favicon.ico; sourceTree = "<group>"; };
		49736EDD250081A000B0A09E /* gwd_workspace.json */ = {isa = PBXFileReference; lastKnownFileType = text.json; name = gwd_workspace.json; path = ../web/gwd_workspace.json; sourceTree = "<group>"; };
		49736EDE250081A000B0A09E /* index.html */ = {isa = PBXFileReference; lastKnownFileType = text.html; name = index.html; path = ../web/index.html; sourceTree = "<group>"; };
		497DC63423A5771A00748031 /* Makefile */ = {isa = PBXFileReference; explicitFileType = sourcecode.make; fileEncoding = 4; name = Makefile; path = ../esp/Makefile; sourceTree = "<group>"; };
		497DC63623A5835100748031 /* component.mk */ = {isa = PBXFileReference; fileEncoding = 4; lastKnownFileType = text; name = component.mk; path = ../esp/main/component.mk; sourceTree = "<group>"; };
		497DC63823A5849E00748031 /* sdkconfig */ = {isa = PBXFileReference; fileEncoding = 4; lastKnownFileType = text; name = sdkconfig; path = ../esp/sdkconfig; sourceTree = "<group>"; };
		49846003238C60ED001F4FD4 /* MacSystemInterface.cpp */ = {isa = PBXFileReference; lastKnownFileType = sourcecode.cpp.cpp; path = MacSystemInterface.cpp; sourceTree = "<group>"; };
		49846004238C60ED001F4FD4 /* MacSystemInterface.h */ = {isa = PBXFileReference; lastKnownFileType = sourcecode.c.h; path = MacSystemInterface.h; sourceTree = "<group>"; };
		49BF344723680892001E5508 /* MacLittleFS.cpp */ = {isa = PBXFileReference; lastKnownFileType = sourcecode.cpp.cpp; path = MacLittleFS.cpp; sourceTree = "<group>"; };
		49E1907A1DBAE2570030DC89 /* MacUDP.cpp */ = {isa = PBXFileReference; fileEncoding = 4; lastKnownFileType = sourcecode.cpp.cpp; path = MacUDP.cpp; sourceTree = "<group>"; };
		49E1907B1DBAE2570030DC89 /* MacUDP.h */ = {isa = PBXFileReference; fileEncoding = 4; lastKnownFileType = sourcecode.c.h; path = MacUDP.h; sourceTree = "<group>"; };
		49E1907C1DBAE2570030DC89 /* MacTCP.h */ = {isa = PBXFileReference; fileEncoding = 4; lastKnownFileType = sourcecode.c.h; path = MacTCP.h; sourceTree = "<group>"; };
		49E1907D1DBAE2570030DC89 /* MacTCP.cpp */ = {isa = PBXFileReference; fileEncoding = 4; lastKnownFileType = sourcecode.cpp.cpp; path = MacTCP.cpp; sourceTree = "<group>"; };
		49F39AB024F871FC0019D831 /* m8rscript.cpp */ = {isa = PBXFileReference; lastKnownFileType = sourcecode.cpp.cpp; name = m8rscript.cpp; path = ../esp/main/m8rscript.cpp; sourceTree = "<group>"; };
		49F39AB124F8792C0019D831 /* RtosWifi.cpp */ = {isa = PBXFileReference; lastKnownFileType = sourcecode.cpp.cpp; name = RtosWifi.cpp; path = ../src/RtosWifi.cpp; sourceTree = "<group>"; };
		49F39AB224F8792C0019D831 /* RtosTCP.cpp */ = {isa = PBXFileReference; lastKnownFileType = sourcecode.cpp.cpp; name = RtosTCP.cpp; path = ../src/RtosTCP.cpp; sourceTree = "<group>"; };
		49F39AB324F8792C0019D831 /* RtosGPIOInterface.cpp */ = {isa = PBXFileReference; lastKnownFileType = sourcecode.cpp.cpp; name = RtosGPIOInterface.cpp; path = ../src/RtosGPIOInterface.cpp; sourceTree = "<group>"; };
		49F39AB524F8792D0019D831 /* component.mk */ = {isa = PBXFileReference; lastKnownFileType = text; name = component.mk; path = ../src/component.mk; sourceTree = "<group>"; };
		49F39AB624F8792D0019D831 /* RtosWifi.h */ = {isa = PBXFileReference; lastKnownFileType = sourcecode.c.h; name = RtosWifi.h; path = ../src/RtosWifi.h; sourceTree = "<group>"; };
		49F39AB724F8792D0019D831 /* RtosGPIOInterface.h */ = {isa = PBXFileReference; lastKnownFileType = sourcecode.c.h; name = RtosGPIOInterface.h; path = ../src/RtosGPIOInterface.h; sourceTree = "<group>"; };
		49F39AB924F8792D0019D831 /* RtosTCP.h */ = {isa = PBXFileReference; lastKnownFileType = sourcecode.c.h; name = RtosTCP.h; path = ../src/RtosTCP.h; sourceTree = "<group>"; };
		49F39ABA24F8792D0019D831 /* RtosSystemInterface.cpp */ = {isa = PBXFileReference; lastKnownFileType = sourcecode.cpp.cpp; name = RtosSystemInterface.cpp; path = ../src/RtosSystemInterface.cpp; sourceTree = "<group>"; };
		49FAB98424FA991700E71C93 /* test */ = {isa = PBXFileReference; explicitFileType = "compiled.mach-o.executable"; includeInIndex = 0; path = test; sourceTree = BUILT_PRODUCTS_DIR; };
		49FAB98624FA991700E71C93 /* main.cpp */ = {isa = PBXFileReference; lastKnownFileType = sourcecode.cpp.cpp; path = main.cpp; sourceTree = "<group>"; };
/* End PBXFileReference section */

/* Begin PBXFrameworksBuildPhase section */
		494D254B1D2E9055003755DB /* Frameworks */ = {
			isa = PBXFrameworksBuildPhase;
			buildActionMask = 2147483647;
			files = (
			);
			runOnlyForDeploymentPostprocessing = 0;
		};
		49FAB98124FA991700E71C93 /* Frameworks */ = {
			isa = PBXFrameworksBuildPhase;
			buildActionMask = 2147483647;
			files = (
				49FAB98E24FA9C9300E71C93 /* liblibm8r.a in Frameworks */,
			);
			runOnlyForDeploymentPostprocessing = 0;
		};
/* End PBXFrameworksBuildPhase section */

/* Begin PBXGroup section */
		491B92E424ECAD7E0078A2B9 /* src */ = {
			isa = PBXGroup;
			children = (
				494D25891D32B2E6003755DB /* esprtos */,
				494BA1911D207AB700E72725 /* mac */,
				491B935E24ECADDB0078A2B9 /* littlefs */,
				491B92F624ECADA60078A2B9 /* Application.cpp */,
				491B931624ECADA90078A2B9 /* Application.h */,
				491B92FA24ECADA60078A2B9 /* Atom.cpp */,
				491B931324ECADA80078A2B9 /* Atom.h */,
				491B92EF24ECADA50078A2B9 /* Base64.cpp */,
				491B930024ECADA60078A2B9 /* Base64.h */,
				491B930224ECADA70078A2B9 /* CallReturnValue.h */,
				491B930924ECADA70078A2B9 /* Containers.cpp */,
				491B92F824ECADA60078A2B9 /* Containers.h */,
				491B930824ECADA70078A2B9 /* Defines.h */,
				491B931D24ECADA90078A2B9 /* Error.cpp */,
				491B930124ECADA70078A2B9 /* Error.h */,
				491B92FC24ECADA60078A2B9 /* Executable.cpp */,
				491B92F724ECADA60078A2B9 /* Executable.h */,
				491B931F24ECADA90078A2B9 /* FileStream.h */,
				491B92F324ECADA50078A2B9 /* GPIOInterface.h */,
				491B930524ECADA70078A2B9 /* HTTPServer.cpp */,
				491B930724ECADA70078A2B9 /* HTTPServer.h */,
				491B92E724ECADA50078A2B9 /* IPAddr.cpp */,
				491B92E524ECADA40078A2B9 /* IPAddr.h */,
				491B92EB24ECADA50078A2B9 /* Mallocator.cpp */,
				491B92F124ECADA50078A2B9 /* Mallocator.h */,
				491B92EC24ECADA50078A2B9 /* MFS.cpp */,
				491B931924ECADA90078A2B9 /* MFS.h */,
				491B92ED24ECADA50078A2B9 /* MStream.h */,
				491B92FD24ECADA60078A2B9 /* MString.cpp */,
				491B92F524ECADA60078A2B9 /* MString.h */,
				491B92F224ECADA50078A2B9 /* MUDP.cpp */,
				491B92E924ECADA50078A2B9 /* MUDP.h */,
				491B931824ECADA90078A2B9 /* Scanner.cpp */,
				491B930624ECADA70078A2B9 /* Scanner.h */,
				492C7DA124EDF9FA0027B75E /* ScriptingLanguage.h */,
				491B92E824ECADA50078A2B9 /* SharedPtr.h */,
				491B939224EDE8690078A2B9 /* Shell.cpp */,
				491B939124EDE8690078A2B9 /* Shell.h */,
				491B92FF24ECADA60078A2B9 /* StateMachine.h */,
				491B930F24ECADA80078A2B9 /* StringStream.h */,
				491B930324ECADA70078A2B9 /* SystemInterface.cpp */,
				491B931124ECADA80078A2B9 /* SystemInterface.h */,
				491B930424ECADA70078A2B9 /* SystemTime.cpp */,
				491B92E624ECADA40078A2B9 /* SystemTime.h */,
				491B92EA24ECADA50078A2B9 /* Task.cpp */,
				491B92FB24ECADA60078A2B9 /* Task.h */,
				491B931724ECADA90078A2B9 /* TaskManager.cpp */,
				491B930C24ECADA80078A2B9 /* TaskManager.h */,
				491B931024ECADA80078A2B9 /* TCP.cpp */,
				491B931B24ECADA90078A2B9 /* TCP.h */,
				491B931524ECADA80078A2B9 /* TCPServer.cpp */,
				491B92F024ECADA50078A2B9 /* TCPServer.h */,
				491B930E24ECADA80078A2B9 /* Telnet.cpp */,
				491B930B24ECADA70078A2B9 /* Telnet.h */,
				491B931E24ECADA90078A2B9 /* Terminal.cpp */,
				491B92FE24ECADA60078A2B9 /* Terminal.h */,
				491B931A24ECADA90078A2B9 /* Thread.h */,
				491B92EE24ECADA50078A2B9 /* Timer.cpp */,
				491B931424ECADA80078A2B9 /* Timer.h */,
				491B931C24ECADA90078A2B9 /* VectorStream.h */,
			);
			name = src;
			sourceTree = "<group>";
		};
		491B935E24ECADDB0078A2B9 /* littlefs */ = {
			isa = PBXGroup;
			children = (
				491B936224ECADFB0078A2B9 /* lfs_util.c */,
				491B935F24ECADFA0078A2B9 /* lfs_util.h */,
				491B936124ECADFB0078A2B9 /* lfs.c */,
				491B936024ECADFA0078A2B9 /* lfs.h */,
				491B936324ECADFB0078A2B9 /* MLittleFS.cpp */,
				491B936424ECADFB0078A2B9 /* MLittleFS.h */,
			);
			name = littlefs;
			sourceTree = "<group>";
		};
		494BA1911D207AB700E72725 /* mac */ = {
			isa = PBXGroup;
			children = (
				49846003238C60ED001F4FD4 /* MacSystemInterface.cpp */,
				49846004238C60ED001F4FD4 /* MacSystemInterface.h */,
				49BF344723680892001E5508 /* MacLittleFS.cpp */,
				49E1907D1DBAE2570030DC89 /* MacTCP.cpp */,
				49E1907C1DBAE2570030DC89 /* MacTCP.h */,
				49E1907A1DBAE2570030DC89 /* MacUDP.cpp */,
				49E1907B1DBAE2570030DC89 /* MacUDP.h */,
				493E015E24E9DCBD00EF89B3 /* cpptime.h */,
			);
			name = mac;
			sourceTree = "<group>";
		};
		494D25891D32B2E6003755DB /* esprtos */ = {
			isa = PBXGroup;
			children = (
				49F39AB324F8792C0019D831 /* RtosGPIOInterface.cpp */,
				49F39AB724F8792D0019D831 /* RtosGPIOInterface.h */,
				49F39ABA24F8792D0019D831 /* RtosSystemInterface.cpp */,
				49F39AB224F8792C0019D831 /* RtosTCP.cpp */,
				49F39AB924F8792D0019D831 /* RtosTCP.h */,
				49F39AB124F8792C0019D831 /* RtosWifi.cpp */,
				49F39AB624F8792D0019D831 /* RtosWifi.h */,
				49F39AB524F8792D0019D831 /* component.mk */,
				49FA4DEA24D5DC3C001069AE /* main */,
				497DC63423A5771A00748031 /* Makefile */,
				497DC63823A5849E00748031 /* sdkconfig */,
			);
			name = esprtos;
			sourceTree = "<group>";
		};
		49736EDB2500814A00B0A09E /* web */ = {
			isa = PBXGroup;
			children = (
				49736EDC250081A000B0A09E /* favicon.ico */,
				49736EDD250081A000B0A09E /* gwd_workspace.json */,
				49736EDE250081A000B0A09E /* index.html */,
			);
			name = web;
			sourceTree = "<group>";
		};
		49E647DF1D00B68F005F5059 = {
			isa = PBXGroup;
			children = (
				491B92E424ECAD7E0078A2B9 /* src */,
				49FAB98524FA991700E71C93 /* test */,
				49736EDB2500814A00B0A09E /* web */,
				49E647E91D00B68F005F5059 /* Products */,
				49FAB98D24FA9C9300E71C93 /* Frameworks */,
			);
			sourceTree = "<group>";
		};
		49E647E91D00B68F005F5059 /* Products */ = {
			isa = PBXGroup;
			children = (
				494D254E1D2E9055003755DB /* liblibm8r.a */,
				49FAB98424FA991700E71C93 /* test */,
			);
			name = Products;
			sourceTree = "<group>";
		};
		49FA4DEA24D5DC3C001069AE /* main */ = {
			isa = PBXGroup;
			children = (
				49F39AB024F871FC0019D831 /* m8rscript.cpp */,
				497DC63623A5835100748031 /* component.mk */,
			);
			name = main;
			sourceTree = "<group>";
		};
		49FAB98524FA991700E71C93 /* test */ = {
			isa = PBXGroup;
			children = (
				49FAB98624FA991700E71C93 /* main.cpp */,
			);
			path = test;
			sourceTree = "<group>";
		};
		49FAB98D24FA9C9300E71C93 /* Frameworks */ = {
			isa = PBXGroup;
			children = (
			);
			name = Frameworks;
			sourceTree = "<group>";
		};
/* End PBXGroup section */

/* Begin PBXHeadersBuildPhase section */
		494D254C1D2E9055003755DB /* Headers */ = {
			isa = PBXHeadersBuildPhase;
			buildActionMask = 2147483647;
			files = (
				49E6883724F9C9CA00EECD46 /* CallReturnValue.h in Headers */,
				49E6884D24F9C9DC00EECD46 /* TaskManager.h in Headers */,
				49E6884E24F9C9DC00EECD46 /* TCP.h in Headers */,
				49E6884124F9C9CA00EECD46 /* MFS.h in Headers */,
				49E6883D24F9C9CA00EECD46 /* GPIOInterface.h in Headers */,
				49E6883C24F9C9CA00EECD46 /* FileStream.h in Headers */,
				49E6883424F9C9B500EECD46 /* Application.h in Headers */,
				49E6884524F9C9CA00EECD46 /* Scanner.h in Headers */,
				49E6884C24F9C9DC00EECD46 /* Task.h in Headers */,
				49E6883624F9C9CA00EECD46 /* Base64.h in Headers */,
				49E6885224F9C9DC00EECD46 /* Thread.h in Headers */,
				49E6884924F9C9DC00EECD46 /* StringStream.h in Headers */,
				49E6884B24F9C9DC00EECD46 /* SystemTime.h in Headers */,
				49E6884A24F9C9DC00EECD46 /* SystemInterface.h in Headers */,
				49E6884F24F9C9DC00EECD46 /* TCPServer.h in Headers */,
				49E6885424F9C9DC00EECD46 /* VectorStream.h in Headers */,
				49E6883A24F9C9CA00EECD46 /* Error.h in Headers */,
				49E6884324F9C9CA00EECD46 /* MString.h in Headers */,
				49E6884624F9C9CA00EECD46 /* ScriptingLanguage.h in Headers */,
				49E6883824F9C9CA00EECD46 /* Containers.h in Headers */,
				49E6884424F9C9CA00EECD46 /* MUDP.h in Headers */,
				49E6884224F9C9CA00EECD46 /* MStream.h in Headers */,
				49E6884024F9C9CA00EECD46 /* Mallocator.h in Headers */,
				49E6884724F9C9CA00EECD46 /* SharedPtr.h in Headers */,
				49E6885024F9C9DC00EECD46 /* Telnet.h in Headers */,
				49E6883524F9C9CA00EECD46 /* Atom.h in Headers */,
				49E6883B24F9C9CA00EECD46 /* Executable.h in Headers */,
				49E6883924F9C9CA00EECD46 /* Defines.h in Headers */,
				49E6883F24F9C9CA00EECD46 /* IPAddr.h in Headers */,
				49E6885324F9C9DC00EECD46 /* Timer.h in Headers */,
				49846006238C60ED001F4FD4 /* MacSystemInterface.h in Headers */,
				49E6885124F9C9DC00EECD46 /* Terminal.h in Headers */,
				49E6884824F9C9DC00EECD46 /* StateMachine.h in Headers */,
				49E6883E24F9C9CA00EECD46 /* HTTPServer.h in Headers */,
				491B939324EDE8690078A2B9 /* Shell.h in Headers */,
			);
			runOnlyForDeploymentPostprocessing = 0;
		};
/* End PBXHeadersBuildPhase section */

/* Begin PBXNativeTarget section */
		494D254D1D2E9055003755DB /* libm8r */ = {
			isa = PBXNativeTarget;
			buildConfigurationList = 494D254F1D2E9055003755DB /* Build configuration list for PBXNativeTarget "libm8r" */;
			buildPhases = (
				494D254A1D2E9055003755DB /* Sources */,
				494D254B1D2E9055003755DB /* Frameworks */,
				494D254C1D2E9055003755DB /* Headers */,
			);
			buildRules = (
			);
			dependencies = (
			);
			name = libm8r;
			productName = libm8rscript;
			productReference = 494D254E1D2E9055003755DB /* liblibm8r.a */;
			productType = "com.apple.product-type.library.static";
		};
		49FAB98324FA991700E71C93 /* test */ = {
			isa = PBXNativeTarget;
			buildConfigurationList = 49FAB98824FA991700E71C93 /* Build configuration list for PBXNativeTarget "test" */;
			buildPhases = (
				49FAB98024FA991700E71C93 /* Sources */,
				49FAB98124FA991700E71C93 /* Frameworks */,
				49FAB98224FA991700E71C93 /* CopyFiles */,
			);
			buildRules = (
			);
			dependencies = (
				49FAB98C24FA9C8C00E71C93 /* PBXTargetDependency */,
			);
			name = test;
			productName = test;
			productReference = 49FAB98424FA991700E71C93 /* test */;
			productType = "com.apple.product-type.tool";
		};
/* End PBXNativeTarget section */

/* Begin PBXProject section */
		49E647E01D00B68F005F5059 /* Project object */ = {
			isa = PBXProject;
			attributes = {
				LastSwiftUpdateCheck = 1140;
				LastUpgradeCheck = 1110;
				ORGANIZATIONNAME = MarrinTech;
				TargetAttributes = {
					494D254D1D2E9055003755DB = {
						CreatedOnToolsVersion = 8.0;
						ProvisioningStyle = Automatic;
					};
					49FAB98324FA991700E71C93 = {
						CreatedOnToolsVersion = 11.6;
						ProvisioningStyle = Automatic;
					};
				};
			};
			buildConfigurationList = 49E647E31D00B68F005F5059 /* Build configuration list for PBXProject "libm8r" */;
			compatibilityVersion = "Xcode 3.2";
			developmentRegion = en;
			hasScannedForEncodings = 0;
			knownRegions = (
				en,
				Base,
			);
			mainGroup = 49E647DF1D00B68F005F5059;
			productRefGroup = 49E647E91D00B68F005F5059 /* Products */;
			projectDirPath = "";
			projectRoot = "";
			targets = (
				494D254D1D2E9055003755DB /* libm8r */,
				49FAB98324FA991700E71C93 /* test */,
			);
		};
/* End PBXProject section */

/* Begin PBXSourcesBuildPhase section */
		494D254A1D2E9055003755DB /* Sources */ = {
			isa = PBXSourcesBuildPhase;
			buildActionMask = 2147483647;
			files = (
				491B938224EDE3340078A2B9 /* Scanner.cpp in Sources */,
				491B938A24EDE3340078A2B9 /* Telnet.cpp in Sources */,
				491B938F24EDE80E0078A2B9 /* MacTCP.cpp in Sources */,
				491B938024EDE3340078A2B9 /* MString.cpp in Sources */,
				491B938624EDE3340078A2B9 /* Task.cpp in Sources */,
				491B937624EDE3340078A2B9 /* Base64.cpp in Sources */,
				491B937724EDE3340078A2B9 /* Containers.cpp in Sources */,
				491B937424EDE3340078A2B9 /* Application.cpp in Sources */,
				491B937C24EDE3340078A2B9 /* IPAddr.cpp in Sources */,
				491B937124EDE31D0078A2B9 /* lfs_util.c in Sources */,
				491B938124EDE3340078A2B9 /* MUDP.cpp in Sources */,
				491B937E24EDE3340078A2B9 /* Mallocator.cpp in Sources */,
				491B937824EDE3340078A2B9 /* Error.cpp in Sources */,
				491B938424EDE3340078A2B9 /* SystemInterface.cpp in Sources */,
				491B938E24EDE80A0078A2B9 /* MacLittleFS.cpp in Sources */,
				491B937924EDE3340078A2B9 /* Executable.cpp in Sources */,
				491B938B24EDE3340078A2B9 /* Terminal.cpp in Sources */,
				491B938524EDE3340078A2B9 /* SystemTime.cpp in Sources */,
				491B938824EDE3340078A2B9 /* TCP.cpp in Sources */,
				491B937F24EDE3340078A2B9 /* MFS.cpp in Sources */,
				491B939024EDE8130078A2B9 /* MacUDP.cpp in Sources */,
				491B938D24EDE7FF0078A2B9 /* MacSystemInterface.cpp in Sources */,
				491B938C24EDE3340078A2B9 /* Timer.cpp in Sources */,
				491B937324EDE31D0078A2B9 /* MLittleFS.cpp in Sources */,
				491B937B24EDE3340078A2B9 /* HTTPServer.cpp in Sources */,
				491B938724EDE3340078A2B9 /* TaskManager.cpp in Sources */,
				491B938924EDE3340078A2B9 /* TCPServer.cpp in Sources */,
				491B937224EDE31D0078A2B9 /* lfs.c in Sources */,
				491B937524EDE3340078A2B9 /* Atom.cpp in Sources */,
				491B939424EDE8690078A2B9 /* Shell.cpp in Sources */,
			);
			runOnlyForDeploymentPostprocessing = 0;
		};
		49FAB98024FA991700E71C93 /* Sources */ = {
			isa = PBXSourcesBuildPhase;
			buildActionMask = 2147483647;
			files = (
				49FAB98724FA991700E71C93 /* main.cpp in Sources */,
			);
			runOnlyForDeploymentPostprocessing = 0;
		};
/* End PBXSourcesBuildPhase section */

/* Begin PBXTargetDependency section */
		49FAB98C24FA9C8C00E71C93 /* PBXTargetDependency */ = {
			isa = PBXTargetDependency;
			target = 494D254D1D2E9055003755DB /* libm8r */;
			targetProxy = 49FAB98B24FA9C8C00E71C93 /* PBXContainerItemProxy */;
		};
/* End PBXTargetDependency section */

/* Begin XCBuildConfiguration section */
		494D25501D2E9055003755DB /* Debug */ = {
			isa = XCBuildConfiguration;
			buildSettings = {
				CLANG_CXX_LANGUAGE_STANDARD = "c++14";
				CLANG_WARN_DOCUMENTATION_COMMENTS = YES;
				CLANG_X86_VECTOR_INSTRUCTIONS = default;
				EXECUTABLE_PREFIX = lib;
				HEADER_SEARCH_PATHS = "";
				LLVM_LTO = NO;
				PRODUCT_NAME = "$(TARGET_NAME)";
				USER_HEADER_SEARCH_PATHS = "";
			};
			name = Debug;
		};
		494D25511D2E9055003755DB /* Release */ = {
			isa = XCBuildConfiguration;
			buildSettings = {
				CLANG_CXX_LANGUAGE_STANDARD = "c++14";
				CLANG_WARN_DOCUMENTATION_COMMENTS = YES;
				CLANG_X86_VECTOR_INSTRUCTIONS = default;
				EXECUTABLE_PREFIX = lib;
				GCC_OPTIMIZATION_LEVEL = 2;
				HEADER_SEARCH_PATHS = "";
				LLVM_LTO = YES;
				PRODUCT_NAME = "$(TARGET_NAME)";
				USER_HEADER_SEARCH_PATHS = "";
			};
			name = Release;
		};
		49E647ED1D00B68F005F5059 /* Debug */ = {
			isa = XCBuildConfiguration;
			buildSettings = {
				ALWAYS_SEARCH_USER_PATHS = NO;
				ASSETCATALOG_COMPRESSION = lossless;
				CLANG_ANALYZER_LOCALIZABILITY_NONLOCALIZED = YES;
				CLANG_ANALYZER_NONNULL = YES;
				CLANG_CXX_LANGUAGE_STANDARD = "gnu++0x";
				CLANG_CXX_LIBRARY = "libc++";
				CLANG_ENABLE_MODULES = YES;
				CLANG_ENABLE_OBJC_ARC = YES;
				CLANG_WARN_BLOCK_CAPTURE_AUTORELEASING = YES;
				CLANG_WARN_BOOL_CONVERSION = YES;
				CLANG_WARN_COMMA = YES;
				CLANG_WARN_CONSTANT_CONVERSION = YES;
				CLANG_WARN_DEPRECATED_OBJC_IMPLEMENTATIONS = YES;
				CLANG_WARN_DIRECT_OBJC_ISA_USAGE = YES_ERROR;
				CLANG_WARN_EMPTY_BODY = YES;
				CLANG_WARN_ENUM_CONVERSION = YES;
				CLANG_WARN_INFINITE_RECURSION = YES;
				CLANG_WARN_INT_CONVERSION = YES;
				CLANG_WARN_NON_LITERAL_NULL_CONVERSION = YES;
				CLANG_WARN_OBJC_IMPLICIT_RETAIN_SELF = YES;
				CLANG_WARN_OBJC_LITERAL_CONVERSION = YES;
				CLANG_WARN_OBJC_ROOT_CLASS = YES_ERROR;
				CLANG_WARN_RANGE_LOOP_ANALYSIS = YES;
				CLANG_WARN_STRICT_PROTOTYPES = YES;
				CLANG_WARN_SUSPICIOUS_MOVE = YES;
				CLANG_WARN_UNREACHABLE_CODE = YES;
				CLANG_WARN__DUPLICATE_METHOD_MATCH = YES;
				CODE_SIGN_IDENTITY = "-";
				COPY_PHASE_STRIP = NO;
				DEBUG_INFORMATION_FORMAT = dwarf;
				ENABLE_STRICT_OBJC_MSGSEND = YES;
				ENABLE_TESTABILITY = YES;
				GCC_C_LANGUAGE_STANDARD = gnu99;
				GCC_DYNAMIC_NO_PIC = NO;
				GCC_NO_COMMON_BLOCKS = YES;
				GCC_OPTIMIZATION_LEVEL = 0;
				GCC_PREPROCESSOR_DEFINITIONS = (
					"DEBUG=1",
					"$(inherited)",
				);
				GCC_WARN_64_TO_32_BIT_CONVERSION = YES;
				GCC_WARN_ABOUT_RETURN_TYPE = YES_ERROR;
				GCC_WARN_UNDECLARED_SELECTOR = YES;
				GCC_WARN_UNINITIALIZED_AUTOS = YES_AGGRESSIVE;
				GCC_WARN_UNUSED_FUNCTION = YES;
				GCC_WARN_UNUSED_VARIABLE = YES;
				MACOSX_DEPLOYMENT_TARGET = 10.11;
				MTL_ENABLE_DEBUG_INFO = YES;
				ONLY_ACTIVE_ARCH = YES;
				SDKROOT = macosx;
			};
			name = Debug;
		};
		49E647EE1D00B68F005F5059 /* Release */ = {
			isa = XCBuildConfiguration;
			buildSettings = {
				ALWAYS_SEARCH_USER_PATHS = NO;
				ASSETCATALOG_COMPRESSION = "respect-asset-catalog";
				CLANG_ANALYZER_LOCALIZABILITY_NONLOCALIZED = YES;
				CLANG_ANALYZER_NONNULL = YES;
				CLANG_CXX_LANGUAGE_STANDARD = "gnu++0x";
				CLANG_CXX_LIBRARY = "libc++";
				CLANG_ENABLE_MODULES = YES;
				CLANG_ENABLE_OBJC_ARC = YES;
				CLANG_WARN_BLOCK_CAPTURE_AUTORELEASING = YES;
				CLANG_WARN_BOOL_CONVERSION = YES;
				CLANG_WARN_COMMA = YES;
				CLANG_WARN_CONSTANT_CONVERSION = YES;
				CLANG_WARN_DEPRECATED_OBJC_IMPLEMENTATIONS = YES;
				CLANG_WARN_DIRECT_OBJC_ISA_USAGE = YES_ERROR;
				CLANG_WARN_EMPTY_BODY = YES;
				CLANG_WARN_ENUM_CONVERSION = YES;
				CLANG_WARN_INFINITE_RECURSION = YES;
				CLANG_WARN_INT_CONVERSION = YES;
				CLANG_WARN_NON_LITERAL_NULL_CONVERSION = YES;
				CLANG_WARN_OBJC_IMPLICIT_RETAIN_SELF = YES;
				CLANG_WARN_OBJC_LITERAL_CONVERSION = YES;
				CLANG_WARN_OBJC_ROOT_CLASS = YES_ERROR;
				CLANG_WARN_RANGE_LOOP_ANALYSIS = YES;
				CLANG_WARN_STRICT_PROTOTYPES = YES;
				CLANG_WARN_SUSPICIOUS_MOVE = YES;
				CLANG_WARN_UNREACHABLE_CODE = YES;
				CLANG_WARN__DUPLICATE_METHOD_MATCH = YES;
				CODE_SIGN_IDENTITY = "-";
				COPY_PHASE_STRIP = NO;
				DEBUG_INFORMATION_FORMAT = "dwarf-with-dsym";
				ENABLE_NS_ASSERTIONS = NO;
				ENABLE_STRICT_OBJC_MSGSEND = YES;
				GCC_C_LANGUAGE_STANDARD = gnu99;
				GCC_NO_COMMON_BLOCKS = YES;
				GCC_PREPROCESSOR_DEFINITIONS = NDEBUG;
				GCC_WARN_64_TO_32_BIT_CONVERSION = YES;
				GCC_WARN_ABOUT_RETURN_TYPE = YES_ERROR;
				GCC_WARN_UNDECLARED_SELECTOR = YES;
				GCC_WARN_UNINITIALIZED_AUTOS = YES_AGGRESSIVE;
				GCC_WARN_UNUSED_FUNCTION = YES;
				GCC_WARN_UNUSED_VARIABLE = YES;
				MACOSX_DEPLOYMENT_TARGET = 10.11;
				MTL_ENABLE_DEBUG_INFO = NO;
				SDKROOT = macosx;
			};
			name = Release;
		};
		49FAB98924FA991700E71C93 /* Debug */ = {
			isa = XCBuildConfiguration;
			buildSettings = {
				CLANG_ANALYZER_NUMBER_OBJECT_CONVERSION = YES_AGGRESSIVE;
				CLANG_CXX_LANGUAGE_STANDARD = "gnu++14";
				CLANG_ENABLE_OBJC_WEAK = YES;
				CLANG_WARN_DOCUMENTATION_COMMENTS = YES;
				CLANG_WARN_UNGUARDED_AVAILABILITY = YES_AGGRESSIVE;
				CODE_SIGN_STYLE = Automatic;
				GCC_C_LANGUAGE_STANDARD = gnu11;
				MACOSX_DEPLOYMENT_TARGET = 10.15;
				MTL_ENABLE_DEBUG_INFO = INCLUDE_SOURCE;
				MTL_FAST_MATH = YES;
				PRODUCT_NAME = "$(TARGET_NAME)";
				USER_HEADER_SEARCH_PATHS = "$(BUILT_PRODUCTS_DIR)/usr/local/include";
			};
			name = Debug;
		};
		49FAB98A24FA991700E71C93 /* Release */ = {
			isa = XCBuildConfiguration;
			buildSettings = {
				CLANG_ANALYZER_NUMBER_OBJECT_CONVERSION = YES_AGGRESSIVE;
				CLANG_CXX_LANGUAGE_STANDARD = "gnu++14";
				CLANG_ENABLE_OBJC_WEAK = YES;
				CLANG_WARN_DOCUMENTATION_COMMENTS = YES;
				CLANG_WARN_UNGUARDED_AVAILABILITY = YES_AGGRESSIVE;
				CODE_SIGN_STYLE = Automatic;
				GCC_C_LANGUAGE_STANDARD = gnu11;
				MACOSX_DEPLOYMENT_TARGET = 10.15;
				MTL_FAST_MATH = YES;
				PRODUCT_NAME = "$(TARGET_NAME)";
				USER_HEADER_SEARCH_PATHS = "$(BUILT_PRODUCTS_DIR)/usr/local/include";
			};
			name = Release;
		};
/* End XCBuildConfiguration section */

/* Begin XCConfigurationList section */
		494D254F1D2E9055003755DB /* Build configuration list for PBXNativeTarget "libm8r" */ = {
			isa = XCConfigurationList;
			buildConfigurations = (
				494D25501D2E9055003755DB /* Debug */,
				494D25511D2E9055003755DB /* Release */,
			);
			defaultConfigurationIsVisible = 0;
			defaultConfigurationName = Release;
		};
		49E647E31D00B68F005F5059 /* Build configuration list for PBXProject "libm8r" */ = {
			isa = XCConfigurationList;
			buildConfigurations = (
				49E647ED1D00B68F005F5059 /* Debug */,
				49E647EE1D00B68F005F5059 /* Release */,
			);
			defaultConfigurationIsVisible = 0;
			defaultConfigurationName = Release;
		};
		49FAB98824FA991700E71C93 /* Build configuration list for PBXNativeTarget "test" */ = {
			isa = XCConfigurationList;
			buildConfigurations = (
				49FAB98924FA991700E71C93 /* Debug */,
				49FAB98A24FA991700E71C93 /* Release */,
			);
			defaultConfigurationIsVisible = 0;
			defaultConfigurationName = Release;
		};
/* End XCConfigurationList section */
	};
	rootObject = 49E647E01D00B68F005F5059 /* Project object */;
}
